
Microsoft Visual Studio Solution File, Format Version 12.00
# Visual Studio Version 16
VisualStudioVersion = 16.0.30204.135
MinimumVisualStudioVersion = 10.0.40219.1
Project("{9A19103F-16F7-4668-BE54-9A1E7A4F7556}") = "OOP_Chess_IT1A", "OOP_Chess_IT1A.csproj", "{60BC23D4-61CA-426F-A417-53701664E98E}"
EndProject
Global
	GlobalSection(SolutionConfigurationPlatforms) = preSolution
		Debug|Any CPU = Debug|Any CPU
		Release|Any CPU = Release|Any CPU
	EndGlobalSection
	GlobalSection(ProjectConfigurationPlatforms) = postSolution
		{60BC23D4-61CA-426F-A417-53701664E98E}.Debug|Any CPU.ActiveCfg = Debug|Any CPU
		{60BC23D4-61CA-426F-A417-53701664E98E}.Debug|Any CPU.Build.0 = Debug|Any CPU
		{60BC23D4-61CA-426F-A417-53701664E98E}.Release|Any CPU.ActiveCfg = Release|Any CPU
		{60BC23D4-61CA-426F-A417-53701664E98E}.Release|Any CPU.Build.0 = Release|Any CPU
	EndGlobalSection
	GlobalSection(SolutionProperties) = preSolution
		HideSolutionNode = FALSE
	EndGlobalSection
	GlobalSection(ExtensibilityGlobals) = postSolution
		SolutionGuid = {CC9F7DD1-7515-41D2-A3BB-F8D78D425520}
	EndGlobalSection
EndGlobal
